
Microsoft Visual Studio Solution File, Format Version 12.00
# Visual Studio Version 16
VisualStudioVersion = 16.0.30406.217
MinimumVisualStudioVersion = 10.0.40219.1
Project("{FAE04EC0-301F-11D3-BF4B-00C04F79EFBC}") = "PerpustakaanAppMVC", "PerpustakaanAppMVC\PerpustakaanAppMVC.csproj", "{6CCC532F-FB3B-4866-BF29-1CAABB89DB96}"
EndProject
Global
	GlobalSection(SolutionConfigurationPlatforms) = preSolution
		Debug|Any CPU = Debug|Any CPU
		Release|Any CPU = Release|Any CPU
	EndGlobalSection
	GlobalSection(ProjectConfigurationPlatforms) = postSolution
		{6CCC532F-FB3B-4866-BF29-1CAABB89DB96}.Debug|Any CPU.ActiveCfg = Debug|Any CPU
		{6CCC532F-FB3B-4866-BF29-1CAABB89DB96}.Debug|Any CPU.Build.0 = Debug|Any CPU
		{6CCC532F-FB3B-4866-BF29-1CAABB89DB96}.Release|Any CPU.ActiveCfg = Release|Any CPU
		{6CCC532F-FB3B-4866-BF29-1CAABB89DB96}.Release|Any CPU.Build.0 = Release|Any CPU
	EndGlobalSection
	GlobalSection(SolutionProperties) = preSolution
		HideSolutionNode = FALSE
	EndGlobalSection
	GlobalSection(ExtensibilityGlobals) = postSolution
		SolutionGuid = {AD2903C6-0D4F-444D-B834-4D9D2879BF44}
	EndGlobalSection
EndGlobal
